Microsoft Visual Studio Solution File, Format Version 9.00
# Visual Studio 2005
Project("{FAE04EC0-301F-11D3-BF4B-00C04F79EFBC}") = "ImageForValue", "ImageForValue\ImageForValue.csproj", "{8054B5D6-57E1-4493-B178-02FC21655CBB}"
	ProjectSection(WebsiteProperties) = preProject
		Debug.AspNetCompiler.Debug = "True"
		Release.AspNetCompiler.Debug = "False"
	EndProjectSection
EndProject
Global
	GlobalSection(SolutionConfigurationPlatforms) = preSolution
		Debug|Any CPU = Debug|Any CPU
		Release|Any CPU = Release|Any CPU
	EndGlobalSection
	GlobalSection(ProjectConfigurationPlatforms) = postSolution
		{8054B5D6-57E1-4493-B178-02FC21655CBB}.Debug|Any CPU.ActiveCfg = Debug|Any CPU
		{8054B5D6-57E1-4493-B178-02FC21655CBB}.Debug|Any CPU.Build.0 = Debug|Any CPU
		{8054B5D6-57E1-4493-B178-02FC21655CBB}.Release|Any CPU.ActiveCfg = Release|Any CPU
		{8054B5D6-57E1-4493-B178-02FC21655CBB}.Release|Any CPU.Build.0 = Release|Any CPU
	EndGlobalSection
	GlobalSection(SolutionProperties) = preSolution
		HideSolutionNode = FALSE
	EndGlobalSection
EndGlobal
